Microsoft Visual Studio Solution File, Format Version 12.00
# Visual Studio 2012
Project("{FAE04EC0-301F-11D3-BF4B-00C04F79EFBC}") = "Chapter04-Example01.Orchestrations", "Chapter04-Example01.Orchestrations\Chapter04-Example01.Orchestrations.btproj", "{18400AB5-177C-4CC5-A934-6F95E3AE8CB0}"
EndProject
Project("{FAE04EC0-301F-11D3-BF4B-00C04F79EFBC}") = "Chapter04-Example01.ClassLibrary", "Chapter04-Example01.ClassLibrary\Chapter04-Example01.ClassLibrary.csproj", "{8F5CEF44-0769-47C8-AA2A-CF539BD3228E}"
EndProject
Global
	GlobalSection(SolutionConfigurationPlatforms) = preSolution
		Debug|Any CPU = Debug|Any CPU
		Release|Any CPU = Release|Any CPU
	EndGlobalSection
	GlobalSection(ProjectConfigurationPlatforms) = postSolution
		{18400AB5-177C-4CC5-A934-6F95E3AE8CB0}.Debug|Any CPU.ActiveCfg = Debug|Any CPU
		{18400AB5-177C-4CC5-A934-6F95E3AE8CB0}.Debug|Any CPU.Build.0 = Debug|Any CPU
		{18400AB5-177C-4CC5-A934-6F95E3AE8CB0}.Debug|Any CPU.Deploy.0 = Debug|Any CPU
		{18400AB5-177C-4CC5-A934-6F95E3AE8CB0}.Release|Any CPU.ActiveCfg = Release|Any CPU
		{18400AB5-177C-4CC5-A934-6F95E3AE8CB0}.Release|Any CPU.Build.0 = Release|Any CPU
		{18400AB5-177C-4CC5-A934-6F95E3AE8CB0}.Release|Any CPU.Deploy.0 = Release|Any CPU
		{8F5CEF44-0769-47C8-AA2A-CF539BD3228E}.Debug|Any CPU.ActiveCfg = Debug|Any CPU
		{8F5CEF44-0769-47C8-AA2A-CF539BD3228E}.Debug|Any CPU.Build.0 = Debug|Any CPU
		{8F5CEF44-0769-47C8-AA2A-CF539BD3228E}.Release|Any CPU.ActiveCfg = Release|Any CPU
		{8F5CEF44-0769-47C8-AA2A-CF539BD3228E}.Release|Any CPU.Build.0 = Release|Any CPU
	EndGlobalSection
	GlobalSection(SolutionProperties) = preSolution
		HideSolutionNode = FALSE
	EndGlobalSection
EndGlobal
